
Microsoft Visual Studio Solution File, Format Version 12.00
# Visual Studio Version 16
VisualStudioVersion = 16.0.30523.141
MinimumVisualStudioVersion = 10.0.40219.1
Project("{FAE04EC0-301F-11D3-BF4B-00C04F79EFBC}") = "VAR_2021", "VAR_2021.csproj", "{5879D9E8-87AD-4D71-A83A-4315316D16DC}"
EndProject
Global
	GlobalSection(SolutionConfigurationPlatforms) = preSolution
		Debug|Any CPU = Debug|Any CPU
		Release|Any CPU = Release|Any CPU
	EndGlobalSection
	GlobalSection(ProjectConfigurationPlatforms) = postSolution
		{5879D9E8-87AD-4D71-A83A-4315316D16DC}.Debug|Any CPU.ActiveCfg = Debug|Any CPU
		{5879D9E8-87AD-4D71-A83A-4315316D16DC}.Debug|Any CPU.Build.0 = Debug|Any CPU
		{5879D9E8-87AD-4D71-A83A-4315316D16DC}.Release|Any CPU.ActiveCfg = Release|Any CPU
		{5879D9E8-87AD-4D71-A83A-4315316D16DC}.Release|Any CPU.Build.0 = Release|Any CPU
	EndGlobalSection
	GlobalSection(SolutionProperties) = preSolution
		HideSolutionNode = FALSE
	EndGlobalSection
	GlobalSection(ExtensibilityGlobals) = postSolution
		SolutionGuid = {1F7921AE-026A-4BE4-8630-9A3F989BA0FB}
	EndGlobalSection
EndGlobal
