
Microsoft Visual Studio Solution File, Format Version 12.00
# Visual Studio Version 16
VisualStudioVersion = 16.0.30523.141
MinimumVisualStudioVersion = 10.0.40219.1
Project("{FAE04EC0-301F-11D3-BF4B-00C04F79EFBC}") = "MNBxml", "MNBxml.csproj", "{3DA4CB8D-C30F-494E-AF40-0CCDCC6BEC4E}"
EndProject
Global
	GlobalSection(SolutionConfigurationPlatforms) = preSolution
		Debug|Any CPU = Debug|Any CPU
		Release|Any CPU = Release|Any CPU
	EndGlobalSection
	GlobalSection(ProjectConfigurationPlatforms) = postSolution
		{3DA4CB8D-C30F-494E-AF40-0CCDCC6BEC4E}.Debug|Any CPU.ActiveCfg = Debug|Any CPU
		{3DA4CB8D-C30F-494E-AF40-0CCDCC6BEC4E}.Debug|Any CPU.Build.0 = Debug|Any CPU
		{3DA4CB8D-C30F-494E-AF40-0CCDCC6BEC4E}.Release|Any CPU.ActiveCfg = Release|Any CPU
		{3DA4CB8D-C30F-494E-AF40-0CCDCC6BEC4E}.Release|Any CPU.Build.0 = Release|Any CPU
	EndGlobalSection
	GlobalSection(SolutionProperties) = preSolution
		HideSolutionNode = FALSE
	EndGlobalSection
	GlobalSection(ExtensibilityGlobals) = postSolution
		SolutionGuid = {DE4C774C-085F-4131-BABC-13C4CB28B581}
	EndGlobalSection
EndGlobal
